github.com/gorilla/websocket v1.4.2 h1:+/TMaTYc4QFitKJxsQ7Yye35DkWvkdLcvGKqM+x0Ufc=
github.com/gorilla/websocket v1.4.2/go.mod h1:YR8l580nyteQvAITg2hZ9XVh4b55+EU/adAjf1fMHhE=
github.com/stianeikeland/go-rpio/v4 v4.5.0 h1:9jkc3cQor8gd40GeXVfcWI4mlZTTyXG6yROZCpKdV0c=
github.com/stianeikeland/go-rpio/v4 v4.5.0/go.mod h1:A3GvHxC1Om5zaId+HqB3HKqx4K/AqeckxB7qRjxMK7o=
